// !$*UTF8*$!
{
	archiveVersion = 1;
	classes = {
	};
	objectVersion = 46;
	objects = {

/* Begin PBXBuildFile section */
		6C02B3E21E5B6F1F005BC230 /* AppDelegate.swift in Sources */ = {isa = PBXBuildFile; fileRef = 6C02B3E11E5B6F1F005BC230 /* AppDelegate.swift */; };
		6C02B3E41E5B6F1F005BC230 /* HomeViewController.swift in Sources */ = {isa = PBXBuildFile; fileRef = 6C02B3E31E5B6F1F005BC230 /* HomeViewController.swift */; };
		6C02B3E91E5B6F1F005BC230 /* Assets.xcassets in Resources */ = {isa = PBXBuildFile; fileRef = 6C02B3E81E5B6F1F005BC230 /* Assets.xcassets */; };
		6C02B3EC1E5B6F1F005BC230 /* LaunchScreen.storyboard in Resources */ = {isa = PBXBuildFile; fileRef = 6C02B3EA1E5B6F1F005BC230 /* LaunchScreen.storyboard */; };
		6C02B3F71E5B6F20005BC230 /* RogueTests.swift in Sources */ = {isa = PBXBuildFile; fileRef = 6C02B3F61E5B6F20005BC230 /* RogueTests.swift */; };
		6C02B4021E5B6F20005BC230 /* RogueUITests.swift in Sources */ = {isa = PBXBuildFile; fileRef = 6C02B4011E5B6F20005BC230 /* RogueUITests.swift */; };
		6C02B4151E5B7E6B005BC230 /* LoginViewController.swift in Sources */ = {isa = PBXBuildFile; fileRef = 6C02B4141E5B7E6B005BC230 /* LoginViewController.swift */; };
		6C5E99611E5CF1FF0020B633 /* SetBackground.swift in Sources */ = {isa = PBXBuildFile; fileRef = 6C5E99601E5CF1FF0020B633 /* SetBackground.swift */; };
		6C5E99631E5CF2710020B633 /* DismissKeyboard.swift in Sources */ = {isa = PBXBuildFile; fileRef = 6C5E99621E5CF2710020B633 /* DismissKeyboard.swift */; };
/* End PBXBuildFile section */

/* Begin PBXContainerItemProxy section */
		6C02B3F31E5B6F20005BC230 /* PBXContainerItemProxy */ = {
			isa = PBXContainerItemProxy;
			containerPortal = 6C02B3D61E5B6F1F005BC230 /* Project object */;
			proxyType = 1;
			remoteGlobalIDString = 6C02B3DD1E5B6F1F005BC230;
			remoteInfo = Rogue;
		};
		6C02B3FE1E5B6F20005BC230 /* PBXContainerItemProxy */ = {
			isa = PBXContainerItemProxy;
			containerPortal = 6C02B3D61E5B6F1F005BC230 /* Project object */;
			proxyType = 1;
			remoteGlobalIDString = 6C02B3DD1E5B6F1F005BC230;
			remoteInfo = Rogue;
		};
/* End PBXContainerItemProxy section */

/* Begin PBXFileReference section */
		6C02B3DE1E5B6F1F005BC230 /* Rogue.app */ = {isa = PBXFileReference; explicitFileType = wrapper.application; includeInIndex = 0; path = Rogue.app; sourceTree = BUILT_PRODUCTS_DIR; };
		6C02B3E11E5B6F1F005BC230 /* AppDelegate.swift */ = {isa = PBXFileReference; lastKnownFileType = sourcecode.swift; path = AppDelegate.swift; sourceTree = "<group>"; };
		6C02B3E31E5B6F1F005BC230 /* HomeViewController.swift */ = {isa = PBXFileReference; lastKnownFileType = sourcecode.swift; path = HomeViewController.swift; sourceTree = "<group>"; };
		6C02B3E81E5B6F1F005BC230 /* Assets.xcassets */ = {isa = PBXFileReference; lastKnownFileType = folder.assetcatalog; path = Assets.xcassets; sourceTree = "<group>"; };
		6C02B3EB1E5B6F1F005BC230 /* Base */ = {isa = PBXFileReference; lastKnownFileType = file.storyboard; name = Base; path = Base.lproj/LaunchScreen.storyboard; sourceTree = "<group>"; };
		6C02B3ED1E5B6F1F005BC230 /* Info.plist */ = {isa = PBXFileReference; lastKnownFileType = text.plist.xml; path = Info.plist; sourceTree = "<group>"; };
		6C02B3F21E5B6F20005BC230 /* RogueTests.xctest */ = {isa = PBXFileReference; explicitFileType = wrapper.cfbundle; includeInIndex = 0; path = RogueTests.xctest; sourceTree = BUILT_PRODUCTS_DIR; };
		6C02B3F61E5B6F20005BC230 /* RogueTests.swift */ = {isa = PBXFileReference; lastKnownFileType = sourcecode.swift; path = RogueTests.swift; sourceTree = "<group>"; };
		6C02B3F81E5B6F20005BC230 /* Info.plist */ = {isa = PBXFileReference; lastKnownFileType = text.plist.xml; path = Info.plist; sourceTree = "<group>"; };
		6C02B3FD1E5B6F20005BC230 /* RogueUITests.xctest */ = {isa = PBXFileReference; explicitFileType = wrapper.cfbundle; includeInIndex = 0; path = RogueUITests.xctest; sourceTree = BUILT_PRODUCTS_DIR; };
		6C02B4011E5B6F20005BC230 /* RogueUITests.swift */ = {isa = PBXFileReference; lastKnownFileType = sourcecode.swift; path = RogueUITests.swift; sourceTree = "<group>"; };
		6C02B4031E5B6F20005BC230 /* Info.plist */ = {isa = PBXFileReference; lastKnownFileType = text.plist.xml; path = Info.plist; sourceTree = "<group>"; };
		6C02B4141E5B7E6B005BC230 /* LoginViewController.swift */ = {isa = PBXFileReference; fileEncoding = 4; lastKnownFileType = sourcecode.swift; path = LoginViewController.swift; sourceTree = "<group>"; };
		6C5E99601E5CF1FF0020B633 /* SetBackground.swift */ = {isa = PBXFileReference; fileEncoding = 4; lastKnownFileType = sourcecode.swift; path = SetBackground.swift; sourceTree = "<group>"; };
		6C5E99621E5CF2710020B633 /* DismissKeyboard.swift */ = {isa = PBXFileReference; fileEncoding = 4; lastKnownFileType = sourcecode.swift; path = DismissKeyboard.swift; sourceTree = "<group>"; };
/* End PBXFileReference section */

/* Begin PBXFrameworksBuildPhase section */
		6C02B3DB1E5B6F1F005BC230 /* Frameworks */ = {
			isa = PBXFrameworksBuildPhase;
			buildActionMask = 2147483647;
			files = (
			);
			runOnlyForDeploymentPostprocessing = 0;
		};
		6C02B3EF1E5B6F20005BC230 /* Frameworks */ = {
			isa = PBXFrameworksBuildPhase;
			buildActionMask = 2147483647;
			files = (
			);
			runOnlyForDeploymentPostprocessing = 0;
		};
		6C02B3FA1E5B6F20005BC230 /* Frameworks */ = {
			isa = PBXFrameworksBuildPhase;
			buildActionMask = 2147483647;
			files = (
			);
			runOnlyForDeploymentPostprocessing = 0;
		};
/* End PBXFrameworksBuildPhase section */

/* Begin PBXGroup section */
		6C02B3D51E5B6F1F005BC230 = {
			isa = PBXGroup;
			children = (
				6C02B3E01E5B6F1F005BC230 /* Rogue */,
				6C02B3F51E5B6F20005BC230 /* RogueTests */,
				6C02B4001E5B6F20005BC230 /* RogueUITests */,
				6C02B3DF1E5B6F1F005BC230 /* Products */,
			);
			sourceTree = "<group>";
		};
		6C02B3DF1E5B6F1F005BC230 /* Products */ = {
			isa = PBXGroup;
			children = (
				6C02B3DE1E5B6F1F005BC230 /* Rogue.app */,
				6C02B3F21E5B6F20005BC230 /* RogueTests.xctest */,
				6C02B3FD1E5B6F20005BC230 /* RogueUITests.xctest */,
			);
			name = Products;
			sourceTree = "<group>";
		};
		6C02B3E01E5B6F1F005BC230 /* Rogue */ = {
			isa = PBXGroup;
			children = (
				6C5E995F1E5CF1E90020B633 /* Functions */,
				6C02B4131E5B7E47005BC230 /* Controller */,
				6C02B3E11E5B6F1F005BC230 /* AppDelegate.swift */,
				6C02B3E31E5B6F1F005BC230 /* HomeViewController.swift */,
				6C02B3E81E5B6F1F005BC230 /* Assets.xcassets */,
				6C02B3EA1E5B6F1F005BC230 /* LaunchScreen.storyboard */,
				6C02B3ED1E5B6F1F005BC230 /* Info.plist */,
			);
			path = Rogue;
			sourceTree = "<group>";
		};
		6C02B3F51E5B6F20005BC230 /* RogueTests */ = {
			isa = PBXGroup;
			children = (
				6C02B3F61E5B6F20005BC230 /* RogueTests.swift */,
				6C02B3F81E5B6F20005BC230 /* Info.plist */,
			);
			path = RogueTests;
			sourceTree = "<group>";
		};
		6C02B4001E5B6F20005BC230 /* RogueUITests */ = {
			isa = PBXGroup;
			children = (
				6C02B4011E5B6F20005BC230 /* RogueUITests.swift */,
				6C02B4031E5B6F20005BC230 /* Info.plist */,
			);
			path = RogueUITests;
			sourceTree = "<group>";
		};
		6C02B4131E5B7E47005BC230 /* Controller */ = {
			isa = PBXGroup;
			children = (
				6C02B4141E5B7E6B005BC230 /* LoginViewController.swift */,
			);
			name = Controller;
			sourceTree = "<group>";
		};
		6C5E995F1E5CF1E90020B633 /* Functions */ = {
			isa = PBXGroup;
			children = (
				6C5E99601E5CF1FF0020B633 /* SetBackground.swift */,
				6C5E99621E5CF2710020B633 /* DismissKeyboard.swift */,
			);
			name = Functions;
			sourceTree = "<group>";
		};
/* End PBXGroup section */

/* Begin PBXNativeTarget section */
		6C02B3DD1E5B6F1F005BC230 /* Rogue */ = {
			isa = PBXNativeTarget;
			buildConfigurationList = 6C02B4061E5B6F20005BC230 /* Build configuration list for PBXNativeTarget "Rogue" */;
			buildPhases = (
				6C02B3DA1E5B6F1F005BC230 /* Sources */,
				6C02B3DB1E5B6F1F005BC230 /* Frameworks */,
				6C02B3DC1E5B6F1F005BC230 /* Resources */,
			);
			buildRules = (
			);
			dependencies = (
			);
			name = Rogue;
			productName = Rogue;
			productReference = 6C02B3DE1E5B6F1F005BC230 /* Rogue.app */;
			productType = "com.apple.product-type.application";
		};
		6C02B3F11E5B6F20005BC230 /* RogueTests */ = {
			isa = PBXNativeTarget;
			buildConfigurationList = 6C02B4091E5B6F20005BC230 /* Build configuration list for PBXNativeTarget "RogueTests" */;
			buildPhases = (
				6C02B3EE1E5B6F20005BC230 /* Sources */,
				6C02B3EF1E5B6F20005BC230 /* Frameworks */,
				6C02B3F01E5B6F20005BC230 /* Resources */,
			);
			buildRules = (
			);
			dependencies = (
				6C02B3F41E5B6F20005BC230 /* PBXTargetDependency */,
			);
			name = RogueTests;
			productName = RogueTests;
			productReference = 6C02B3F21E5B6F20005BC230 /* RogueTests.xctest */;
			productType = "com.apple.product-type.bundle.unit-test";
		};
		6C02B3FC1E5B6F20005BC230 /* RogueUITests */ = {
			isa = PBXNativeTarget;
			buildConfigurationList = 6C02B40C1E5B6F20005BC230 /* Build configuration list for PBXNativeTarget "RogueUITests" */;
			buildPhases = (
				6C02B3F91E5B6F20005BC230 /* Sources */,
				6C02B3FA1E5B6F20005BC230 /* Frameworks */,
				6C02B3FB1E5B6F20005BC230 /* Resources */,
			);
			buildRules = (
			);
			dependencies = (
				6C02B3FF1E5B6F20005BC230 /* PBXTargetDependency */,
			);
			name = RogueUITests;
			productName = RogueUITests;
			productReference = 6C02B3FD1E5B6F20005BC230 /* RogueUITests.xctest */;
			productType = "com.apple.product-type.bundle.ui-testing";
		};
/* End PBXNativeTarget section */

/* Begin PBXProject section */
		6C02B3D61E5B6F1F005BC230 /* Project object */ = {
			isa = PBXProject;
			attributes = {
				LastSwiftUpdateCheck = 0820;
				LastUpgradeCheck = 0820;
				ORGANIZATIONNAME = ShivamRoy;
				TargetAttributes = {
					6C02B3DD1E5B6F1F005BC230 = {
						CreatedOnToolsVersion = 8.2.1;
						ProvisioningStyle = Automatic;
					};
					6C02B3F11E5B6F20005BC230 = {
						CreatedOnToolsVersion = 8.2.1;
						ProvisioningStyle = Automatic;
						TestTargetID = 6C02B3DD1E5B6F1F005BC230;
					};
					6C02B3FC1E5B6F20005BC230 = {
						CreatedOnToolsVersion = 8.2.1;
						ProvisioningStyle = Automatic;
						TestTargetID = 6C02B3DD1E5B6F1F005BC230;
					};
				};
			};
			buildConfigurationList = 6C02B3D91E5B6F1F005BC230 /* Build configuration list for PBXProject "Rogue" */;
			compatibilityVersion = "Xcode 3.2";
			developmentRegion = English;
			hasScannedForEncodings = 0;
			knownRegions = (
				en,
				Base,
			);
			mainGroup = 6C02B3D51E5B6F1F005BC230;
			productRefGroup = 6C02B3DF1E5B6F1F005BC230 /* Products */;
			projectDirPath = "";
			projectRoot = "";
			targets = (
				6C02B3DD1E5B6F1F005BC230 /* Rogue */,
				6C02B3F11E5B6F20005BC230 /* RogueTests */,
				6C02B3FC1E5B6F20005BC230 /* RogueUITests */,
			);
		};
/* End PBXProject section */

/* Begin PBXResourcesBuildPhase section */
		6C02B3DC1E5B6F1F005BC230 /* Resources */ = {
			isa = PBXResourcesBuildPhase;
			buildActionMask = 2147483647;
			files = (
				6C02B3EC1E5B6F1F005BC230 /* LaunchScreen.storyboard in Resources */,
				6C02B3E91E5B6F1F005BC230 /* Assets.xcassets in Resources */,
			);
			runOnlyForDeploymentPostprocessing = 0;
		};
		6C02B3F01E5B6F20005BC230 /* Resources */ = {
			isa = PBXResourcesBuildPhase;
			buildActionMask = 2147483647;
			files = (
			);
			runOnlyForDeploymentPostprocessing = 0;
		};
		6C02B3FB1E5B6F20005BC230 /* Resources */ = {
			isa = PBXResourcesBuildPhase;
			buildActionMask = 2147483647;
			files = (
			);
			runOnlyForDeploymentPostprocessing = 0;
		};
/* End PBXResourcesBuildPhase section */

/* Begin PBXSourcesBuildPhase section */
		6C02B3DA1E5B6F1F005BC230 /* Sources */ = {
			isa = PBXSourcesBuildPhase;
			buildActionMask = 2147483647;
			files = (
				6C02B4151E5B7E6B005BC230 /* LoginViewController.swift in Sources */,
				6C02B3E41E5B6F1F005BC230 /* HomeViewController.swift in Sources */,
				6C5E99611E5CF1FF0020B633 /* SetBackground.swift in Sources */,
				6C02B3E21E5B6F1F005BC230 /* AppDelegate.swift in Sources */,
				6C5E99631E5CF2710020B633 /* DismissKeyboard.swift in Sources */,
			);
			runOnlyForDeploymentPostprocessing = 0;
		};
		6C02B3EE1E5B6F20005BC230 /* Sources */ = {
			isa = PBXSourcesBuildPhase;
			buildActionMask = 2147483647;
			files = (
				6C02B3F71E5B6F20005BC230 /* RogueTests.swift in Sources */,
			);
			runOnlyForDeploymentPostprocessing = 0;
		};
		6C02B3F91E5B6F20005BC230 /* Sources */ = {
			isa = PBXSourcesBuildPhase;
			buildActionMask = 2147483647;
			files = (
				6C02B4021E5B6F20005BC230 /* RogueUITests.swift in Sources */,
			);
			runOnlyForDeploymentPostprocessing = 0;
		};
/* End PBXSourcesBuildPhase section */

/* Begin PBXTargetDependency section */
		6C02B3F41E5B6F20005BC230 /* PBXTargetDependency */ = {
			isa = PBXTargetDependency;
			target = 6C02B3DD1E5B6F1F005BC230 /* Rogue */;
			targetProxy = 6C02B3F31E5B6F20005BC230 /* PBXContainerItemProxy */;
		};
		6C02B3FF1E5B6F20005BC230 /* PBXTargetDependency */ = {
			isa = PBXTargetDependency;
			target = 6C02B3DD1E5B6F1F005BC230 /* Rogue */;
			targetProxy = 6C02B3FE1E5B6F20005BC230 /* PBXContainerItemProxy */;
		};
/* End PBXTargetDependency section */

/* Begin PBXVariantGroup section */
		6C02B3EA1E5B6F1F005BC230 /* LaunchScreen.storyboard */ = {
			isa = PBXVariantGroup;
			children = (
				6C02B3EB1E5B6F1F005BC230 /* Base */,
			);
			name = LaunchScreen.storyboard;
			sourceTree = "<group>";
		};
/* End PBXVariantGroup section */

/* Begin XCBuildConfiguration section */
		6C02B4041E5B6F20005BC230 /* Debug */ = {
			isa = XCBuildConfiguration;
			buildSettings = {
				ALWAYS_SEARCH_USER_PATHS = NO;
				CLANG_ANALYZER_NONNULL = YES;
				CLANG_CXX_LANGUAGE_STANDARD = "gnu++0x";
				CLANG_CXX_LIBRARY = "libc++";
				CLANG_ENABLE_MODULES = YES;
				CLANG_ENABLE_OBJC_ARC = YES;
				CLANG_WARN_BOOL_CONVERSION = YES;
				CLANG_WARN_CONSTANT_CONVERSION = YES;
				CLANG_WARN_DIRECT_OBJC_ISA_USAGE = YES_ERROR;
				CLANG_WARN_DOCUMENTATION_COMMENTS = YES;
				CLANG_WARN_EMPTY_BODY = YES;
				CLANG_WARN_ENUM_CONVERSION = YES;
				CLANG_WARN_INFINITE_RECURSION = YES;
				CLANG_WARN_INT_CONVERSION = YES;
				CLANG_WARN_OBJC_ROOT_CLASS = YES_ERROR;
				CLANG_WARN_SUSPICIOUS_MOVE = YES;
				CLANG_WARN_UNREACHABLE_CODE = YES;
				CLANG_WARN__DUPLICATE_METHOD_MATCH = YES;
				"CODE_SIGN_IDENTITY[sdk=iphoneos*]" = "iPhone Developer";
				COPY_PHASE_STRIP = NO;
				DEBUG_INFORMATION_FORMAT = dwarf;
				ENABLE_STRICT_OBJC_MSGSEND = YES;
				ENABLE_TESTABILITY = YES;
				GCC_C_LANGUAGE_STANDARD = gnu99;
				GCC_DYNAMIC_NO_PIC = NO;
				GCC_NO_COMMON_BLOCKS = YES;
				GCC_OPTIMIZATION_LEVEL = 0;
				GCC_PREPROCESSOR_DEFINITIONS = (
					"DEBUG=1",
					"$(inherited)",
				);
				GCC_WARN_64_TO_32_BIT_CONVERSION = YES;
				GCC_WARN_ABOUT_RETURN_TYPE = YES_ERROR;
				GCC_WARN_UNDECLARED_SELECTOR = YES;
				GCC_WARN_UNINITIALIZED_AUTOS = YES_AGGRESSIVE;
				GCC_WARN_UNUSED_FUNCTION = YES;
				GCC_WARN_UNUSED_VARIABLE = YES;
				IPHONEOS_DEPLOYMENT_TARGET = 10.2;
				MTL_ENABLE_DEBUG_INFO = YES;
				ONLY_ACTIVE_ARCH = YES;
				SDKROOT = iphoneos;
				SWIFT_ACTIVE_COMPILATION_CONDITIONS = DEBUG;
				SWIFT_OPTIMIZATION_LEVEL = "-Onone";
				TARGETED_DEVICE_FAMILY = "1,2";
			};
			name = Debug;
		};
		6C02B4051E5B6F20005BC230 /* Release */ = {
			isa = XCBuildConfiguration;
			buildSettings = {
				ALWAYS_SEARCH_USER_PATHS = NO;
				CLANG_ANALYZER_NONNULL = YES;
				CLANG_CXX_LANGUAGE_STANDARD = "gnu++0x";
				CLANG_CXX_LIBRARY = "libc++";
				CLANG_ENABLE_MODULES = YES;
				CLANG_ENABLE_OBJC_ARC = YES;
				CLANG_WARN_BOOL_CONVERSION = YES;
				CLANG_WARN_CONSTANT_CONVERSION = YES;
				CLANG_WARN_DIRECT_OBJC_ISA_USAGE = YES_ERROR;
				CLANG_WARN_DOCUMENTATION_COMMENTS = YES;
				CLANG_WARN_EMPTY_BODY = YES;
				CLANG_WARN_ENUM_CONVERSION = YES;
				CLANG_WARN_INFINITE_RECURSION = YES;
				CLANG_WARN_INT_CONVERSION = YES;
				CLANG_WARN_OBJC_ROOT_CLASS = YES_ERROR;
				CLANG_WARN_SUSPICIOUS_MOVE = YES;
				CLANG_WARN_UNREACHABLE_CODE = YES;
				CLANG_WARN__DUPLICATE_METHOD_MATCH = YES;
				"CODE_SIGN_IDENTITY[sdk=iphoneos*]" = "iPhone Developer";
				COPY_PHASE_STRIP = NO;
				DEBUG_INFORMATION_FORMAT = "dwarf-with-dsym";
				ENABLE_NS_ASSERTIONS = NO;
				ENABLE_STRICT_OBJC_MSGSEND = YES;
				GCC_C_LANGUAGE_STANDARD = gnu99;
				GCC_NO_COMMON_BLOCKS = YES;
				GCC_WARN_64_TO_32_BIT_CONVERSION = YES;
				GCC_WARN_ABOUT_RETURN_TYPE = YES_ERROR;
				GCC_WARN_UNDECLARED_SELECTOR = YES;
				GCC_WARN_UNINITIALIZED_AUTOS = YES_AGGRESSIVE;
				GCC_WARN_UNUSED_FUNCTION = YES;
				GCC_WARN_UNUSED_VARIABLE = YES;
				IPHONEOS_DEPLOYMENT_TARGET = 10.2;
				MTL_ENABLE_DEBUG_INFO = NO;
				SDKROOT = iphoneos;
				SWIFT_OPTIMIZATION_LEVEL = "-Owholemodule";
				TARGETED_DEVICE_FAMILY = "1,2";
				VALIDATE_PRODUCT = YES;
			};
			name = Release;
		};
		6C02B4071E5B6F20005BC230 /* Debug */ = {
			isa = XCBuildConfiguration;
			buildSettings = {
				ASSETCATALOG_COMPILER_APPICON_NAME = AppIcon;
				INFOPLIST_FILE = Rogue/Info.plist;
				LD_RUNPATH_SEARCH_PATHS = "$(inherited) @executable_path/Frameworks";
				PRODUCT_BUNDLE_IDENTIFIER = ShivamRoy.Rogue;
				PRODUCT_NAME = "$(TARGET_NAME)";
				SWIFT_VERSION = 3.0;
			};
			name = Debug;
		};
		6C02B4081E5B6F20005BC230 /* Release */ = {
			isa = XCBuildConfiguration;
			buildSettings = {
				ASSETCATALOG_COMPILER_APPICON_NAME = AppIcon;
				INFOPLIST_FILE = Rogue/Info.plist;
				LD_RUNPATH_SEARCH_PATHS = "$(inherited) @executable_path/Frameworks";
				PRODUCT_BUNDLE_IDENTIFIER = ShivamRoy.Rogue;
				PRODUCT_NAME = "$(TARGET_NAME)";
				SWIFT_VERSION = 3.0;
			};
			name = Release;
		};
		6C02B40A1E5B6F20005BC230 /* Debug */ = {
			isa = XCBuildConfiguration;
			buildSettings = {
				ALWAYS_EMBED_SWIFT_STANDARD_LIBRARIES = YES;
				BUNDLE_LOADER = "$(TEST_HOST)";
				INFOPLIST_FILE = RogueTests/Info.plist;
				LD_RUNPATH_SEARCH_PATHS = "$(inherited) @executable_path/Frameworks @loader_path/Frameworks";
				PRODUCT_BUNDLE_IDENTIFIER = ShivamRoy.RogueTests;
				PRODUCT_NAME = "$(TARGET_NAME)";
				SWIFT_VERSION = 3.0;
				TEST_HOST = "$(BUILT_PRODUCTS_DIR)/Rogue.app/Rogue";
			};
			name = Debug;
		};
		6C02B40B1E5B6F20005BC230 /* Release */ = {
			isa = XCBuildConfiguration;
			buildSettings = {
				ALWAYS_EMBED_SWIFT_STANDARD_LIBRARIES = YES;
				BUNDLE_LOADER = "$(TEST_HOST)";
				INFOPLIST_FILE = RogueTests/Info.plist;
				LD_RUNPATH_SEARCH_PATHS = "$(inherited) @executable_path/Frameworks @loader_path/Frameworks";
				PRODUCT_BUNDLE_IDENTIFIER = ShivamRoy.RogueTests;
				PRODUCT_NAME = "$(TARGET_NAME)";
				SWIFT_VERSION = 3.0;
				TEST_HOST = "$(BUILT_PRODUCTS_DIR)/Rogue.app/Rogue";
			};
			name = Release;
		};
		6C02B40D1E5B6F20005BC230 /* Debug */ = {
			isa = XCBuildConfiguration;
			buildSettings = {
				ALWAYS_EMBED_SWIFT_STANDARD_LIBRARIES = YES;
				INFOPLIST_FILE = RogueUITests/Info.plist;
				LD_RUNPATH_SEARCH_PATHS = "$(inherited) @executable_path/Frameworks @loader_path/Frameworks";
				PRODUCT_BUNDLE_IDENTIFIER = ShivamRoy.RogueUITests;
				PRODUCT_NAME = "$(TARGET_NAME)";
				SWIFT_VERSION = 3.0;
				TEST_TARGET_NAME = Rogue;
			};
			name = Debug;
		};
		6C02B40E1E5B6F20005BC230 /* Release */ = {
			isa = XCBuildConfiguration;
			buildSettings = {
				ALWAYS_EMBED_SWIFT_STANDARD_LIBRARIES = YES;
				INFOPLIST_FILE = RogueUITests/Info.plist;
				LD_RUNPATH_SEARCH_PATHS = "$(inherited) @executable_path/Frameworks @loader_path/Frameworks";
				PRODUCT_BUNDLE_IDENTIFIER = ShivamRoy.RogueUITests;
				PRODUCT_NAME = "$(TARGET_NAME)";
				SWIFT_VERSION = 3.0;
				TEST_TARGET_NAME = Rogue;
			};
			name = Release;
		};
/* End XCBuildConfiguration section */

/* Begin XCConfigurationList section */
		6C02B3D91E5B6F1F005BC230 /* Build configuration list for PBXProject "Rogue" */ = {
			isa = XCConfigurationList;
			buildConfigurations = (
				6C02B4041E5B6F20005BC230 /* Debug */,
				6C02B4051E5B6F20005BC230 /* Release */,
			);
			defaultConfigurationIsVisible = 0;
			defaultConfigurationName = Release;
		};
		6C02B4061E5B6F20005BC230 /* Build configuration list for PBXNativeTarget "Rogue" */ = {
			isa = XCConfigurationList;
			buildConfigurations = (
				6C02B4071E5B6F20005BC230 /* Debug */,
				6C02B4081E5B6F20005BC230 /* Release */,
			);
			defaultConfigurationIsVisible = 0;
			defaultConfigurationName = Release;
		};
		6C02B4091E5B6F20005BC230 /* Build configuration list for PBXNativeTarget "RogueTests" */ = {
			isa = XCConfigurationList;
			buildConfigurations = (
				6C02B40A1E5B6F20005BC230 /* Debug */,
				6C02B40B1E5B6F20005BC230 /* Release */,
			);
			defaultConfigurationIsVisible = 0;
			defaultConfigurationName = Release;
		};
		6C02B40C1E5B6F20005BC230 /* Build configuration list for PBXNativeTarget "RogueUITests" */ = {
			isa = XCConfigurationList;
			buildConfigurations = (
				6C02B40D1E5B6F20005BC230 /* Debug */,
				6C02B40E1E5B6F20005BC230 /* Release */,
			);
			defaultConfigurationIsVisible = 0;
			defaultConfigurationName = Release;
		};
/* End XCConfigurationList section */
	};
	rootObject = 6C02B3D61E5B6F1F005BC230 /* Project object */;
}
